
Microsoft Visual Studio Solution File, Format Version 12.00
# Visual Studio 15
VisualStudioVersion = 15.0.28010.2003
MinimumVisualStudioVersion = 10.0.40219.1
Project("{FAE04EC0-301F-11D3-BF4B-00C04F79EFBC}") = "SnakeMess", "SnakeMess\SnakeMess.csproj", "{D14E4185-368F-48A8-A0FC-53CE978CCB5D}"
EndProject
Global
	GlobalSection(SolutionConfigurationPlatforms) = preSolution
		Debug|Any CPU = Debug|Any CPU
		Release|Any CPU = Release|Any CPU
	EndGlobalSection
	GlobalSection(ProjectConfigurationPlatforms) = postSolution
		{D14E4185-368F-48A8-A0FC-53CE978CCB5D}.Debug|Any CPU.ActiveCfg = Debug|Any CPU
		{D14E4185-368F-48A8-A0FC-53CE978CCB5D}.Debug|Any CPU.Build.0 = Debug|Any CPU
		{D14E4185-368F-48A8-A0FC-53CE978CCB5D}.Release|Any CPU.ActiveCfg = Release|Any CPU
		{D14E4185-368F-48A8-A0FC-53CE978CCB5D}.Release|Any CPU.Build.0 = Release|Any CPU
	EndGlobalSection
	GlobalSection(SolutionProperties) = preSolution
		HideSolutionNode = FALSE
	EndGlobalSection
	GlobalSection(ExtensibilityGlobals) = postSolution
		SolutionGuid = {CFC93F5B-0BDE-467E-9858-A2B273750490}
	EndGlobalSection
EndGlobal
